
Microsoft Visual Studio Solution File, Format Version 12.00
# Visual Studio Version 16
VisualStudioVersion = 16.0.31229.75
MinimumVisualStudioVersion = 10.0.40219.1
Project("{FAE04EC0-301F-11D3-BF4B-00C04F79EFBC}") = "UdemyAuthServer.API", "UdemyAuthServer.API\UdemyAuthServer.API.csproj", "{11FC3488-F6A4-41AD-89BD-702A81D80D52}"
EndProject
Project("{FAE04EC0-301F-11D3-BF4B-00C04F79EFBC}") = "UdemyAuthServer.Core", "UdemyAuthServer.Core\UdemyAuthServer.Core.csproj", "{CC106F0B-6FDC-40BD-8F4E-96B4659EF442}"
EndProject
Project("{FAE04EC0-301F-11D3-BF4B-00C04F79EFBC}") = "UdemyAuthServer.Data", "UdemyAuthServer.Data\UdemyAuthServer.Data.csproj", "{44904A02-F5E6-4D17-A504-FF49C5651207}"
EndProject
Project("{FAE04EC0-301F-11D3-BF4B-00C04F79EFBC}") = "UdemyAuthServer.Service", "UdemyAuthServer.Service\UdemyAuthServer.Service.csproj", "{8B724C8D-1BA0-44DF-B090-C052F8E71001}"
EndProject
Project("{FAE04EC0-301F-11D3-BF4B-00C04F79EFBC}") = "MiniApp1.API", "MiniApp1.API\MiniApp1.API.csproj", "{5D444121-591B-418F-9D73-37C21914EACB}"
EndProject
Project("{FAE04EC0-301F-11D3-BF4B-00C04F79EFBC}") = "MiniApp2.API", "MiniApp2.API\MiniApp2.API.csproj", "{19ED717E-8380-4B9D-A0A5-D86F47BBED3B}"
EndProject
Project("{FAE04EC0-301F-11D3-BF4B-00C04F79EFBC}") = "MiniApp3.API", "MiniApp3.API\MiniApp3.API.csproj", "{0D8633C8-55E7-476F-A39A-DB0F9A4E6BF7}"
EndProject
Project("{FAE04EC0-301F-11D3-BF4B-00C04F79EFBC}") = "SharedLibrary", "SharedLibrary\SharedLibrary.csproj", "{3380CF29-C5A6-412D-8BC6-092C092EA8DA}"
EndProject
Global
	GlobalSection(SolutionConfigurationPlatforms) = preSolution
		Debug|Any CPU = Debug|Any CPU
		Release|Any CPU = Release|Any CPU
	EndGlobalSection
	GlobalSection(ProjectConfigurationPlatforms) = postSolution
		{11FC3488-F6A4-41AD-89BD-702A81D80D52}.Debug|Any CPU.ActiveCfg = Debug|Any CPU
		{11FC3488-F6A4-41AD-89BD-702A81D80D52}.Debug|Any CPU.Build.0 = Debug|Any CPU
		{11FC3488-F6A4-41AD-89BD-702A81D80D52}.Release|Any CPU.ActiveCfg = Release|Any CPU
		{11FC3488-F6A4-41AD-89BD-702A81D80D52}.Release|Any CPU.Build.0 = Release|Any CPU
		{CC106F0B-6FDC-40BD-8F4E-96B4659EF442}.Debug|Any CPU.ActiveCfg = Debug|Any CPU
		{CC106F0B-6FDC-40BD-8F4E-96B4659EF442}.Debug|Any CPU.Build.0 = Debug|Any CPU
		{CC106F0B-6FDC-40BD-8F4E-96B4659EF442}.Release|Any CPU.ActiveCfg = Release|Any CPU
		{CC106F0B-6FDC-40BD-8F4E-96B4659EF442}.Release|Any CPU.Build.0 = Release|Any CPU
		{44904A02-F5E6-4D17-A504-FF49C5651207}.Debug|Any CPU.ActiveCfg = Debug|Any CPU
		{44904A02-F5E6-4D17-A504-FF49C5651207}.Debug|Any CPU.Build.0 = Debug|Any CPU
		{44904A02-F5E6-4D17-A504-FF49C5651207}.Release|Any CPU.ActiveCfg = Release|Any CPU
		{44904A02-F5E6-4D17-A504-FF49C5651207}.Release|Any CPU.Build.0 = Release|Any CPU
		{8B724C8D-1BA0-44DF-B090-C052F8E71001}.Debug|Any CPU.ActiveCfg = Debug|Any CPU
		{8B724C8D-1BA0-44DF-B090-C052F8E71001}.Debug|Any CPU.Build.0 = Debug|Any CPU
		{8B724C8D-1BA0-44DF-B090-C052F8E71001}.Release|Any CPU.ActiveCfg = Release|Any CPU
		{8B724C8D-1BA0-44DF-B090-C052F8E71001}.Release|Any CPU.Build.0 = Release|Any CPU
		{5D444121-591B-418F-9D73-37C21914EACB}.Debug|Any CPU.ActiveCfg = Debug|Any CPU
		{5D444121-591B-418F-9D73-37C21914EACB}.Debug|Any CPU.Build.0 = Debug|Any CPU
		{5D444121-591B-418F-9D73-37C21914EACB}.Release|Any CPU.ActiveCfg = Release|Any CPU
		{5D444121-591B-418F-9D73-37C21914EACB}.Release|Any CPU.Build.0 = Release|Any CPU
		{19ED717E-8380-4B9D-A0A5-D86F47BBED3B}.Debug|Any CPU.ActiveCfg = Debug|Any CPU
		{19ED717E-8380-4B9D-A0A5-D86F47BBED3B}.Debug|Any CPU.Build.0 = Debug|Any CPU
		{19ED717E-8380-4B9D-A0A5-D86F47BBED3B}.Release|Any CPU.ActiveCfg = Release|Any CPU
		{19ED717E-8380-4B9D-A0A5-D86F47BBED3B}.Release|Any CPU.Build.0 = Release|Any CPU
		{0D8633C8-55E7-476F-A39A-DB0F9A4E6BF7}.Debug|Any CPU.ActiveCfg = Debug|Any CPU
		{0D8633C8-55E7-476F-A39A-DB0F9A4E6BF7}.Debug|Any CPU.Build.0 = Debug|Any CPU
		{0D8633C8-55E7-476F-A39A-DB0F9A4E6BF7}.Release|Any CPU.ActiveCfg = Release|Any CPU
		{0D8633C8-55E7-476F-A39A-DB0F9A4E6BF7}.Release|Any CPU.Build.0 = Release|Any CPU
		{3380CF29-C5A6-412D-8BC6-092C092EA8DA}.Debug|Any CPU.ActiveCfg = Debug|Any CPU
		{3380CF29-C5A6-412D-8BC6-092C092EA8DA}.Debug|Any CPU.Build.0 = Debug|Any CPU
		{3380CF29-C5A6-412D-8BC6-092C092EA8DA}.Release|Any CPU.ActiveCfg = Release|Any CPU
		{3380CF29-C5A6-412D-8BC6-092C092EA8DA}.Release|Any CPU.Build.0 = Release|Any CPU
	EndGlobalSection
	GlobalSection(SolutionProperties) = preSolution
		HideSolutionNode = FALSE
	EndGlobalSection
	GlobalSection(ExtensibilityGlobals) = postSolution
		SolutionGuid = {4B5ECF25-0148-415B-B9DA-508F653A5B1B}
	EndGlobalSection
EndGlobal
